Microsoft Visual Studio Solution File, Format Version 12.00
# Visual Studio 2013
VisualStudioVersion = 12.0.30723.0
MinimumVisualStudioVersion = 10.0.40219.1
Project("{8BC9CEB8-8B4A-11D0-8D11-00A0C91BC942}") = "ColladaMotionBuilder", "ColladaMotionBuilder.vcxproj", "{4BB5F44B-995F-4E31-8EA6-A401E42E30E5}"
EndProject
Project("{8BC9CEB8-8B4A-11D0-8D11-00A0C91BC942}") = "FCollada", "..\FCollada\FCollada.vcxproj", "{FF956BB3-F377-43A8-AB31-633299BDF6C6}"
EndProject
Project("{8BC9CEB8-8B4A-11D0-8D11-00A0C91BC942}") = "LibXML", "..\FCollada\LibXML\LibXML.vcxproj", "{D7F466F4-2AEA-4648-BE09-024C887BC157}"
EndProject
Project("{8BC9CEB8-8B4A-11D0-8D11-00A0C91BC942}") = "FArchiveXML", "..\FColladaPlugins\FArchiveXML\FArchiveXML.vcxproj", "{5A441CC6-F281-4A83-8BC4-323D4148C7C0}"
EndProject
Global
	GlobalSection(SolutionConfigurationPlatforms) = preSolution
		MB14.0 Debug|Win32 = MB14.0 Debug|Win32
		MB14.0 Debug|x64 = MB14.0 Debug|x64
		MB14.0 Release|Win32 = MB14.0 Release|Win32
		MB14.0 Release|x64 = MB14.0 Release|x64
		MB17.0 Debug|Win32 = MB17.0 Debug|Win32
		MB17.0 Debug|x64 = MB17.0 Debug|x64
		MB17.0 Release|Win32 = MB17.0 Release|Win32
		MB17.0 Release|x64 = MB17.0 Release|x64
		MB7.0 Debug|Win32 = MB7.0 Debug|Win32
		MB7.0 Debug|x64 = MB7.0 Debug|x64
		MB7.0 Release|Win32 = MB7.0 Release|Win32
		MB7.0 Release|x64 = MB7.0 Release|x64
		MB7.5 Debug|Win32 = MB7.5 Debug|Win32
		MB7.5 Debug|x64 = MB7.5 Debug|x64
		MB7.5 Release|Win32 = MB7.5 Release|Win32
		MB7.5 Release|x64 = MB7.5 Release|x64
	EndGlobalSection
	GlobalSection(ProjectConfigurationPlatforms) = postSolution
		{4BB5F44B-995F-4E31-8EA6-A401E42E30E5}.MB14.0 Debug|Win32.ActiveCfg = MB14.0 Debug|Win32
		{4BB5F44B-995F-4E31-8EA6-A401E42E30E5}.MB14.0 Debug|Win32.Build.0 = MB14.0 Debug|Win32
		{4BB5F44B-995F-4E31-8EA6-A401E42E30E5}.MB14.0 Debug|x64.ActiveCfg = MB14.0 Debug|x64
		{4BB5F44B-995F-4E31-8EA6-A401E42E30E5}.MB14.0 Debug|x64.Build.0 = MB14.0 Debug|x64
		{4BB5F44B-995F-4E31-8EA6-A401E42E30E5}.MB14.0 Release|Win32.ActiveCfg = MB14.0 Release|Win32
		{4BB5F44B-995F-4E31-8EA6-A401E42E30E5}.MB14.0 Release|Win32.Build.0 = MB14.0 Release|Win32
		{4BB5F44B-995F-4E31-8EA6-A401E42E30E5}.MB14.0 Release|x64.ActiveCfg = MB14.0 Release|x64
		{4BB5F44B-995F-4E31-8EA6-A401E42E30E5}.MB14.0 Release|x64.Build.0 = MB14.0 Release|x64
		{4BB5F44B-995F-4E31-8EA6-A401E42E30E5}.MB17.0 Debug|Win32.ActiveCfg = MB17.0 Debug|Win32
		{4BB5F44B-995F-4E31-8EA6-A401E42E30E5}.MB17.0 Debug|Win32.Build.0 = MB17.0 Debug|Win32
		{4BB5F44B-995F-4E31-8EA6-A401E42E30E5}.MB17.0 Debug|x64.ActiveCfg = MB17.0 Debug|x64
		{4BB5F44B-995F-4E31-8EA6-A401E42E30E5}.MB17.0 Debug|x64.Build.0 = MB17.0 Debug|x64
		{4BB5F44B-995F-4E31-8EA6-A401E42E30E5}.MB17.0 Release|Win32.ActiveCfg = MB17.0 Release|Win32
		{4BB5F44B-995F-4E31-8EA6-A401E42E30E5}.MB17.0 Release|Win32.Build.0 = MB17.0 Release|Win32
		{4BB5F44B-995F-4E31-8EA6-A401E42E30E5}.MB17.0 Release|x64.ActiveCfg = MB17.0 Release|x64
		{4BB5F44B-995F-4E31-8EA6-A401E42E30E5}.MB17.0 Release|x64.Build.0 = MB17.0 Release|x64
		{4BB5F44B-995F-4E31-8EA6-A401E42E30E5}.MB7.0 Debug|Win32.ActiveCfg = MB7.0 Debug|Win32
		{4BB5F44B-995F-4E31-8EA6-A401E42E30E5}.MB7.0 Debug|Win32.Build.0 = MB7.0 Debug|Win32
		{4BB5F44B-995F-4E31-8EA6-A401E42E30E5}.MB7.0 Debug|x64.ActiveCfg = MB7.0 Debug|x64
		{4BB5F44B-995F-4E31-8EA6-A401E42E30E5}.MB7.0 Debug|x64.Build.0 = MB7.0 Debug|x64
		{4BB5F44B-995F-4E31-8EA6-A401E42E30E5}.MB7.0 Release|Win32.ActiveCfg = MB7.0 Release|Win32
		{4BB5F44B-995F-4E31-8EA6-A401E42E30E5}.MB7.0 Release|Win32.Build.0 = MB7.0 Release|Win32
		{4BB5F44B-995F-4E31-8EA6-A401E42E30E5}.MB7.0 Release|x64.ActiveCfg = MB7.0 Release|x64
		{4BB5F44B-995F-4E31-8EA6-A401E42E30E5}.MB7.0 Release|x64.Build.0 = MB7.0 Release|x64
		{4BB5F44B-995F-4E31-8EA6-A401E42E30E5}.MB7.5 Debug|Win32.ActiveCfg = MB7.5 Debug|Win32
		{4BB5F44B-995F-4E31-8EA6-A401E42E30E5}.MB7.5 Debug|Win32.Build.0 = MB7.5 Debug|Win32
		{4BB5F44B-995F-4E31-8EA6-A401E42E30E5}.MB7.5 Debug|x64.ActiveCfg = MB7.5 Debug|x64
		{4BB5F44B-995F-4E31-8EA6-A401E42E30E5}.MB7.5 Debug|x64.Build.0 = MB7.5 Debug|x64
		{4BB5F44B-995F-4E31-8EA6-A401E42E30E5}.MB7.5 Release|Win32.ActiveCfg = MB7.5 Release|Win32
		{4BB5F44B-995F-4E31-8EA6-A401E42E30E5}.MB7.5 Release|Win32.Build.0 = MB7.5 Release|Win32
		{4BB5F44B-995F-4E31-8EA6-A401E42E30E5}.MB7.5 Release|x64.ActiveCfg = MB7.5 Release|x64
		{4BB5F44B-995F-4E31-8EA6-A401E42E30E5}.MB7.5 Release|x64.Build.0 = MB7.5 Release|x64
		{FF956BB3-F377-43A8-AB31-633299BDF6C6}.MB14.0 Debug|Win32.ActiveCfg = MB14.0 Debug|Win32
		{FF956BB3-F377-43A8-AB31-633299BDF6C6}.MB14.0 Debug|Win32.Build.0 = MB14.0 Debug|Win32
		{FF956BB3-F377-43A8-AB31-633299BDF6C6}.MB14.0 Debug|x64.ActiveCfg = MB14.0 Debug|x64
		{FF956BB3-F377-43A8-AB31-633299BDF6C6}.MB14.0 Release|Win32.ActiveCfg = MB14.0 Release|Win32
		{FF956BB3-F377-43A8-AB31-633299BDF6C6}.MB14.0 Release|x64.ActiveCfg = MB14.0 Release|x64
		{FF956BB3-F377-43A8-AB31-633299BDF6C6}.MB14.0 Release|x64.Build.0 = MB14.0 Release|x64
		{FF956BB3-F377-43A8-AB31-633299BDF6C6}.MB17.0 Debug|Win32.ActiveCfg = MB17.0 Debug|Win32
		{FF956BB3-F377-43A8-AB31-633299BDF6C6}.MB17.0 Debug|x64.ActiveCfg = MB17.0 Debug|x64
		{FF956BB3-F377-43A8-AB31-633299BDF6C6}.MB17.0 Release|Win32.ActiveCfg = MB17.0 Release|Win32
		{FF956BB3-F377-43A8-AB31-633299BDF6C6}.MB17.0 Release|x64.ActiveCfg = MB17.0 Release|x64
		{FF956BB3-F377-43A8-AB31-633299BDF6C6}.MB7.0 Debug|Win32.ActiveCfg = Debug|Win32
		{FF956BB3-F377-43A8-AB31-633299BDF6C6}.MB7.0 Debug|Win32.Build.0 = Debug|Win32
		{FF956BB3-F377-43A8-AB31-633299BDF6C6}.MB7.0 Debug|x64.ActiveCfg = Debug|x64
		{FF956BB3-F377-43A8-AB31-633299BDF6C6}.MB7.0 Debug|x64.Build.0 = Debug|x64
		{FF956BB3-F377-43A8-AB31-633299BDF6C6}.MB7.0 Release|Win32.ActiveCfg = Release|Win32
		{FF956BB3-F377-43A8-AB31-633299BDF6C6}.MB7.0 Release|Win32.Build.0 = Release|Win32
		{FF956BB3-F377-43A8-AB31-633299BDF6C6}.MB7.0 Release|x64.ActiveCfg = Release|x64
		{FF956BB3-F377-43A8-AB31-633299BDF6C6}.MB7.0 Release|x64.Build.0 = Release|x64
		{FF956BB3-F377-43A8-AB31-633299BDF6C6}.MB7.5 Debug|Win32.ActiveCfg = Debug|Win32
		{FF956BB3-F377-43A8-AB31-633299BDF6C6}.MB7.5 Debug|Win32.Build.0 = Debug|Win32
		{FF956BB3-F377-43A8-AB31-633299BDF6C6}.MB7.5 Debug|x64.ActiveCfg = Debug|x64
		{FF956BB3-F377-43A8-AB31-633299BDF6C6}.MB7.5 Debug|x64.Build.0 = Debug|x64
		{FF956BB3-F377-43A8-AB31-633299BDF6C6}.MB7.5 Release|Win32.ActiveCfg = Release|Win32
		{FF956BB3-F377-43A8-AB31-633299BDF6C6}.MB7.5 Release|Win32.Build.0 = Release|Win32
		{FF956BB3-F377-43A8-AB31-633299BDF6C6}.MB7.5 Release|x64.ActiveCfg = Release|x64
		{FF956BB3-F377-43A8-AB31-633299BDF6C6}.MB7.5 Release|x64.Build.0 = Release|x64
		{D7F466F4-2AEA-4648-BE09-024C887BC157}.MB14.0 Debug|Win32.ActiveCfg = MB14.0 Debug|Win32
		{D7F466F4-2AEA-4648-BE09-024C887BC157}.MB14.0 Debug|Win32.Build.0 = MB14.0 Debug|Win32
		{D7F466F4-2AEA-4648-BE09-024C887BC157}.MB14.0 Debug|x64.ActiveCfg = MB14.0 Debug|x64
		{D7F466F4-2AEA-4648-BE09-024C887BC157}.MB14.0 Release|Win32.ActiveCfg = MB14.0 Release|Win32
		{D7F466F4-2AEA-4648-BE09-024C887BC157}.MB14.0 Release|x64.ActiveCfg = MB14.0 Release|x64
		{D7F466F4-2AEA-4648-BE09-024C887BC157}.MB14.0 Release|x64.Build.0 = MB14.0 Release|x64
		{D7F466F4-2AEA-4648-BE09-024C887BC157}.MB17.0 Debug|Win32.ActiveCfg = MB17.0 Debug|Win32
		{D7F466F4-2AEA-4648-BE09-024C887BC157}.MB17.0 Debug|x64.ActiveCfg = MB17.0 Debug|x64
		{D7F466F4-2AEA-4648-BE09-024C887BC157}.MB17.0 Release|Win32.ActiveCfg = MB17.0 Release|Win32
		{D7F466F4-2AEA-4648-BE09-024C887BC157}.MB17.0 Release|x64.ActiveCfg = MB17.0 Release|x64
		{D7F466F4-2AEA-4648-BE09-024C887BC157}.MB7.0 Debug|Win32.ActiveCfg = Debug|Win32
		{D7F466F4-2AEA-4648-BE09-024C887BC157}.MB7.0 Debug|Win32.Build.0 = Debug|Win32
		{D7F466F4-2AEA-4648-BE09-024C887BC157}.MB7.0 Debug|x64.ActiveCfg = Debug|x64
		{D7F466F4-2AEA-4648-BE09-024C887BC157}.MB7.0 Debug|x64.Build.0 = Debug|x64
		{D7F466F4-2AEA-4648-BE09-024C887BC157}.MB7.0 Release|Win32.ActiveCfg = Release|Win32
		{D7F466F4-2AEA-4648-BE09-024C887BC157}.MB7.0 Release|Win32.Build.0 = Release|Win32
		{D7F466F4-2AEA-4648-BE09-024C887BC157}.MB7.0 Release|x64.ActiveCfg = Release|x64
		{D7F466F4-2AEA-4648-BE09-024C887BC157}.MB7.0 Release|x64.Build.0 = Release|x64
		{D7F466F4-2AEA-4648-BE09-024C887BC157}.MB7.5 Debug|Win32.ActiveCfg = Debug|Win32
		{D7F466F4-2AEA-4648-BE09-024C887BC157}.MB7.5 Debug|Win32.Build.0 = Debug|Win32
		{D7F466F4-2AEA-4648-BE09-024C887BC157}.MB7.5 Debug|x64.ActiveCfg = Debug|x64
		{D7F466F4-2AEA-4648-BE09-024C887BC157}.MB7.5 Debug|x64.Build.0 = Debug|x64
		{D7F466F4-2AEA-4648-BE09-024C887BC157}.MB7.5 Release|Win32.ActiveCfg = Release|Win32
		{D7F466F4-2AEA-4648-BE09-024C887BC157}.MB7.5 Release|Win32.Build.0 = Release|Win32
		{D7F466F4-2AEA-4648-BE09-024C887BC157}.MB7.5 Release|x64.ActiveCfg = Release|x64
		{D7F466F4-2AEA-4648-BE09-024C887BC157}.MB7.5 Release|x64.Build.0 = Release|x64
		{5A441CC6-F281-4A83-8BC4-323D4148C7C0}.MB14.0 Debug|Win32.ActiveCfg = MB14.0 Debug|Win32
		{5A441CC6-F281-4A83-8BC4-323D4148C7C0}.MB14.0 Debug|Win32.Build.0 = MB14.0 Debug|Win32
		{5A441CC6-F281-4A83-8BC4-323D4148C7C0}.MB14.0 Debug|x64.ActiveCfg = MB14.0 Debug|x64
		{5A441CC6-F281-4A83-8BC4-323D4148C7C0}.MB14.0 Release|Win32.ActiveCfg = MB14.0 Release|Win32
		{5A441CC6-F281-4A83-8BC4-323D4148C7C0}.MB14.0 Release|x64.ActiveCfg = MB14.0 Release|x64
		{5A441CC6-F281-4A83-8BC4-323D4148C7C0}.MB14.0 Release|x64.Build.0 = MB14.0 Release|x64
		{5A441CC6-F281-4A83-8BC4-323D4148C7C0}.MB17.0 Debug|Win32.ActiveCfg = MB17.0 Debug|Win32
		{5A441CC6-F281-4A83-8BC4-323D4148C7C0}.MB17.0 Debug|x64.ActiveCfg = MB17.0 Debug|x64
		{5A441CC6-F281-4A83-8BC4-323D4148C7C0}.MB17.0 Release|Win32.ActiveCfg = MB17.0 Release|Win32
		{5A441CC6-F281-4A83-8BC4-323D4148C7C0}.MB17.0 Release|x64.ActiveCfg = MB17.0 Release|x64
		{5A441CC6-F281-4A83-8BC4-323D4148C7C0}.MB7.0 Debug|Win32.ActiveCfg = Debug|Win32
		{5A441CC6-F281-4A83-8BC4-323D4148C7C0}.MB7.0 Debug|Win32.Build.0 = Debug|Win32
		{5A441CC6-F281-4A83-8BC4-323D4148C7C0}.MB7.0 Debug|x64.ActiveCfg = Debug|x64
		{5A441CC6-F281-4A83-8BC4-323D4148C7C0}.MB7.0 Debug|x64.Build.0 = Debug|x64
		{5A441CC6-F281-4A83-8BC4-323D4148C7C0}.MB7.0 Release|Win32.ActiveCfg = Release|Win32
		{5A441CC6-F281-4A83-8BC4-323D4148C7C0}.MB7.0 Release|Win32.Build.0 = Release|Win32
		{5A441CC6-F281-4A83-8BC4-323D4148C7C0}.MB7.0 Release|x64.ActiveCfg = Release|x64
		{5A441CC6-F281-4A83-8BC4-323D4148C7C0}.MB7.0 Release|x64.Build.0 = Release|x64
		{5A441CC6-F281-4A83-8BC4-323D4148C7C0}.MB7.5 Debug|Win32.ActiveCfg = Debug|Win32
		{5A441CC6-F281-4A83-8BC4-323D4148C7C0}.MB7.5 Debug|Win32.Build.0 = Debug|Win32
		{5A441CC6-F281-4A83-8BC4-323D4148C7C0}.MB7.5 Debug|x64.ActiveCfg = Debug|x64
		{5A441CC6-F281-4A83-8BC4-323D4148C7C0}.MB7.5 Debug|x64.Build.0 = Debug|x64
		{5A441CC6-F281-4A83-8BC4-323D4148C7C0}.MB7.5 Release|Win32.ActiveCfg = Release|Win32
		{5A441CC6-F281-4A83-8BC4-323D4148C7C0}.MB7.5 Release|Win32.Build.0 = Release|Win32
		{5A441CC6-F281-4A83-8BC4-323D4148C7C0}.MB7.5 Release|x64.ActiveCfg = Release|x64
		{5A441CC6-F281-4A83-8BC4-323D4148C7C0}.MB7.5 Release|x64.Build.0 = Release|x64
	EndGlobalSection
	GlobalSection(SolutionProperties) = preSolution
		HideSolutionNode = FALSE
	EndGlobalSection
EndGlobal
